
Microsoft Visual Studio Solution File, Format Version 12.00
# Visual Studio 14
VisualStudioVersion = 14.0.24720.0
MinimumVisualStudioVersion = 10.0.40219.1
Project("{FAE04EC0-301F-11D3-BF4B-00C04F79EFBC}") = "Tehtava1", "Tehtava1\Tehtava1.csproj", "{BBFDB3F8-2232-4C51-A154-1DFFF2E75FE7}"
EndProject
Project("{FAE04EC0-301F-11D3-BF4B-00C04F79EFBC}") = "H1MediaPlayer", "H1MediaPlayer\H1MediaPlayer.csproj", "{3F599F2E-098E-4062-95DD-1CABF50044D7}"
EndProject
Project("{FAE04EC0-301F-11D3-BF4B-00C04F79EFBC}") = "WinLotto", "WinLotto\WinLotto.csproj", "{2B88FB93-C21F-4A67-861F-32E62BE73A7B}"
EndProject
Project("{FAE04EC0-301F-11D3-BF4B-00C04F79EFBC}") = "H3MittausData", "H3MittausData\H3MittausData.csproj", "{8E18F019-4FFD-4202-9C73-0EA0DAE3521B}"
EndProject
Project("{FAE04EC0-301F-11D3-BF4B-00C04F79EFBC}") = "SMLiiga", "OudotOliot\SMLiiga.csproj", "{7FA16C37-4BA9-4485-988C-F3F55CA52180}"
EndProject
Project("{FAE04EC0-301F-11D3-BF4B-00C04F79EFBC}") = "H4TyontekijatConsole", "H4TyontekijaConsole\H4TyontekijatConsole.csproj", "{5BE93B4D-ADE4-4637-B523-EB88D582AE1C}"
EndProject
Project("{FAE04EC0-301F-11D3-BF4B-00C04F79EFBC}") = "H4TyontekijatWpf", "H4TyontekijatWpf\H4TyontekijatWpf.csproj", "{5DBE63EE-129D-4765-8A26-D53BBA8CDEBE}"
EndProject
Project("{FAE04EC0-301F-11D3-BF4B-00C04F79EFBC}") = "H5Movies", "H5Movies\H5Movies.csproj", "{629C3409-C13B-4A7E-8EA1-56D4CAFC8C02}"
EndProject
Project("{FAE04EC0-301F-11D3-BF4B-00C04F79EFBC}") = "XML-Viinikellari", "XML-Viinikellari\XML-Viinikellari.csproj", "{48627DFE-F59F-4575-8126-E2AD230FEADB}"
EndProject
Project("{FAE04EC0-301F-11D3-BF4B-00C04F79EFBC}") = "H6DataBinding", "H6DataBinding\H6DataBinding.csproj", "{84507E0A-9236-450E-B832-3C4B0CC23C60}"
EndProject
Project("{FAE04EC0-301F-11D3-BF4B-00C04F79EFBC}") = "Salasanavahvuus", "Salasanavahvuus\Salasanavahvuus.csproj", "{91E79B80-6087-4613-8C95-960BE098D438}"
EndProject
Project("{FAE04EC0-301F-11D3-BF4B-00C04F79EFBC}") = "H7ADOConsole", "H7ADOConsole\H7ADOConsole.csproj", "{DDBEAC85-7DA9-4459-B786-DF99585A9DF6}"
EndProject
Project("{FAE04EC0-301F-11D3-BF4B-00C04F79EFBC}") = "Viiniasiakkaat", "Viiniasiakkaat\Viiniasiakkaat.csproj", "{771F8536-A9AF-4CC3-97A7-F4A4AD886AEF}"
EndProject
Project("{FAE04EC0-301F-11D3-BF4B-00C04F79EFBC}") = "H10ADOBlanco", "IIO13200-ADONET-DEMO-master\H10ADOBlanco.csproj", "{078B472F-E0BE-4705-A004-3F2A11A96896}"
EndProject
Project("{FAE04EC0-301F-11D3-BF4B-00C04F79EFBC}") = "H11BookShop", "H10BookShop\H11BookShop.csproj", "{B6043BCC-0800-4C1B-A70E-4418F6639E3D}"
EndProject
Project("{FAE04EC0-301F-11D3-BF4B-00C04F79EFBC}") = "H12BookShopEF", "H12BookShopEF\H12BookShopEF.csproj", "{061E3E54-931A-43BC-9FBF-A7F08D7E2C36}"
EndProject
Global
	GlobalSection(SolutionConfigurationPlatforms) = preSolution
		Debug|Any CPU = Debug|Any CPU
		Release|Any CPU = Release|Any CPU
	EndGlobalSection
	GlobalSection(ProjectConfigurationPlatforms) = postSolution
		{BBFDB3F8-2232-4C51-A154-1DFFF2E75FE7}.Debug|Any CPU.ActiveCfg = Debug|Any CPU
		{BBFDB3F8-2232-4C51-A154-1DFFF2E75FE7}.Debug|Any CPU.Build.0 = Debug|Any CPU
		{BBFDB3F8-2232-4C51-A154-1DFFF2E75FE7}.Release|Any CPU.ActiveCfg = Release|Any CPU
		{BBFDB3F8-2232-4C51-A154-1DFFF2E75FE7}.Release|Any CPU.Build.0 = Release|Any CPU
		{3F599F2E-098E-4062-95DD-1CABF50044D7}.Debug|Any CPU.ActiveCfg = Debug|Any CPU
		{3F599F2E-098E-4062-95DD-1CABF50044D7}.Debug|Any CPU.Build.0 = Debug|Any CPU
		{3F599F2E-098E-4062-95DD-1CABF50044D7}.Release|Any CPU.ActiveCfg = Release|Any CPU
		{3F599F2E-098E-4062-95DD-1CABF50044D7}.Release|Any CPU.Build.0 = Release|Any CPU
		{2B88FB93-C21F-4A67-861F-32E62BE73A7B}.Debug|Any CPU.ActiveCfg = Debug|Any CPU
		{2B88FB93-C21F-4A67-861F-32E62BE73A7B}.Debug|Any CPU.Build.0 = Debug|Any CPU
		{2B88FB93-C21F-4A67-861F-32E62BE73A7B}.Release|Any CPU.ActiveCfg = Release|Any CPU
		{2B88FB93-C21F-4A67-861F-32E62BE73A7B}.Release|Any CPU.Build.0 = Release|Any CPU
		{8E18F019-4FFD-4202-9C73-0EA0DAE3521B}.Debug|Any CPU.ActiveCfg = Debug|Any CPU
		{8E18F019-4FFD-4202-9C73-0EA0DAE3521B}.Debug|Any CPU.Build.0 = Debug|Any CPU
		{8E18F019-4FFD-4202-9C73-0EA0DAE3521B}.Release|Any CPU.ActiveCfg = Release|Any CPU
		{8E18F019-4FFD-4202-9C73-0EA0DAE3521B}.Release|Any CPU.Build.0 = Release|Any CPU
		{7FA16C37-4BA9-4485-988C-F3F55CA52180}.Debug|Any CPU.ActiveCfg = Debug|Any CPU
		{7FA16C37-4BA9-4485-988C-F3F55CA52180}.Debug|Any CPU.Build.0 = Debug|Any CPU
		{7FA16C37-4BA9-4485-988C-F3F55CA52180}.Release|Any CPU.ActiveCfg = Release|Any CPU
		{7FA16C37-4BA9-4485-988C-F3F55CA52180}.Release|Any CPU.Build.0 = Release|Any CPU
		{5BE93B4D-ADE4-4637-B523-EB88D582AE1C}.Debug|Any CPU.ActiveCfg = Debug|Any CPU
		{5BE93B4D-ADE4-4637-B523-EB88D582AE1C}.Debug|Any CPU.Build.0 = Debug|Any CPU
		{5BE93B4D-ADE4-4637-B523-EB88D582AE1C}.Release|Any CPU.ActiveCfg = Release|Any CPU
		{5BE93B4D-ADE4-4637-B523-EB88D582AE1C}.Release|Any CPU.Build.0 = Release|Any CPU
		{5DBE63EE-129D-4765-8A26-D53BBA8CDEBE}.Debug|Any CPU.ActiveCfg = Debug|Any CPU
		{5DBE63EE-129D-4765-8A26-D53BBA8CDEBE}.Debug|Any CPU.Build.0 = Debug|Any CPU
		{5DBE63EE-129D-4765-8A26-D53BBA8CDEBE}.Release|Any CPU.ActiveCfg = Release|Any CPU
		{5DBE63EE-129D-4765-8A26-D53BBA8CDEBE}.Release|Any CPU.Build.0 = Release|Any CPU
		{629C3409-C13B-4A7E-8EA1-56D4CAFC8C02}.Debug|Any CPU.ActiveCfg = Debug|Any CPU
		{629C3409-C13B-4A7E-8EA1-56D4CAFC8C02}.Debug|Any CPU.Build.0 = Debug|Any CPU
		{629C3409-C13B-4A7E-8EA1-56D4CAFC8C02}.Release|Any CPU.ActiveCfg = Release|Any CPU
		{629C3409-C13B-4A7E-8EA1-56D4CAFC8C02}.Release|Any CPU.Build.0 = Release|Any CPU
		{48627DFE-F59F-4575-8126-E2AD230FEADB}.Debug|Any CPU.ActiveCfg = Debug|Any CPU
		{48627DFE-F59F-4575-8126-E2AD230FEADB}.Debug|Any CPU.Build.0 = Debug|Any CPU
		{48627DFE-F59F-4575-8126-E2AD230FEADB}.Release|Any CPU.ActiveCfg = Release|Any CPU
		{48627DFE-F59F-4575-8126-E2AD230FEADB}.Release|Any CPU.Build.0 = Release|Any CPU
		{84507E0A-9236-450E-B832-3C4B0CC23C60}.Debug|Any CPU.ActiveCfg = Debug|Any CPU
		{84507E0A-9236-450E-B832-3C4B0CC23C60}.Debug|Any CPU.Build.0 = Debug|Any CPU
		{84507E0A-9236-450E-B832-3C4B0CC23C60}.Release|Any CPU.ActiveCfg = Release|Any CPU
		{84507E0A-9236-450E-B832-3C4B0CC23C60}.Release|Any CPU.Build.0 = Release|Any CPU
		{91E79B80-6087-4613-8C95-960BE098D438}.Debug|Any CPU.ActiveCfg = Debug|Any CPU
		{91E79B80-6087-4613-8C95-960BE098D438}.Debug|Any CPU.Build.0 = Debug|Any CPU
		{91E79B80-6087-4613-8C95-960BE098D438}.Release|Any CPU.ActiveCfg = Release|Any CPU
		{91E79B80-6087-4613-8C95-960BE098D438}.Release|Any CPU.Build.0 = Release|Any CPU
		{DDBEAC85-7DA9-4459-B786-DF99585A9DF6}.Debug|Any CPU.ActiveCfg = Debug|Any CPU
		{DDBEAC85-7DA9-4459-B786-DF99585A9DF6}.Debug|Any CPU.Build.0 = Debug|Any CPU
		{DDBEAC85-7DA9-4459-B786-DF99585A9DF6}.Release|Any CPU.ActiveCfg = Release|Any CPU
		{DDBEAC85-7DA9-4459-B786-DF99585A9DF6}.Release|Any CPU.Build.0 = Release|Any CPU
		{771F8536-A9AF-4CC3-97A7-F4A4AD886AEF}.Debug|Any CPU.ActiveCfg = Debug|Any CPU
		{771F8536-A9AF-4CC3-97A7-F4A4AD886AEF}.Debug|Any CPU.Build.0 = Debug|Any CPU
		{771F8536-A9AF-4CC3-97A7-F4A4AD886AEF}.Release|Any CPU.ActiveCfg = Release|Any CPU
		{771F8536-A9AF-4CC3-97A7-F4A4AD886AEF}.Release|Any CPU.Build.0 = Release|Any CPU
		{078B472F-E0BE-4705-A004-3F2A11A96896}.Debug|Any CPU.ActiveCfg = Debug|Any CPU
		{078B472F-E0BE-4705-A004-3F2A11A96896}.Debug|Any CPU.Build.0 = Debug|Any CPU
		{078B472F-E0BE-4705-A004-3F2A11A96896}.Release|Any CPU.ActiveCfg = Release|Any CPU
		{078B472F-E0BE-4705-A004-3F2A11A96896}.Release|Any CPU.Build.0 = Release|Any CPU
		{B6043BCC-0800-4C1B-A70E-4418F6639E3D}.Debug|Any CPU.ActiveCfg = Debug|Any CPU
		{B6043BCC-0800-4C1B-A70E-4418F6639E3D}.Debug|Any CPU.Build.0 = Debug|Any CPU
		{B6043BCC-0800-4C1B-A70E-4418F6639E3D}.Release|Any CPU.ActiveCfg = Release|Any CPU
		{B6043BCC-0800-4C1B-A70E-4418F6639E3D}.Release|Any CPU.Build.0 = Release|Any CPU
		{061E3E54-931A-43BC-9FBF-A7F08D7E2C36}.Debug|Any CPU.ActiveCfg = Debug|Any CPU
		{061E3E54-931A-43BC-9FBF-A7F08D7E2C36}.Debug|Any CPU.Build.0 = Debug|Any CPU
		{061E3E54-931A-43BC-9FBF-A7F08D7E2C36}.Release|Any CPU.ActiveCfg = Release|Any CPU
		{061E3E54-931A-43BC-9FBF-A7F08D7E2C36}.Release|Any CPU.Build.0 = Release|Any CPU
	EndGlobalSection
	GlobalSection(SolutionProperties) = preSolution
		HideSolutionNode = FALSE
	EndGlobalSection
EndGlobal
